// !$*UTF8*$!
{
	archiveVersion = 1;
	classes = {
	};
	objectVersion = 46;
	objects = {

/* Begin PBXBuildFile section */
		6C895E5E19DDD74400626B47 /* main.m in Sources */ = {isa = PBXBuildFile; fileRef = 6C895E5D19DDD74400626B47 /* main.m */; };
		6C895E6119DDD74400626B47 /* AppDelegate.m in Sources */ = {isa = PBXBuildFile; fileRef = 6C895E6019DDD74400626B47 /* AppDelegate.m */; };
		6C895E6419DDD74400626B47 /* ViewController.m in Sources */ = {isa = PBXBuildFile; fileRef = 6C895E6319DDD74400626B47 /* ViewController.m */; };
		6C895E6719DDD74400626B47 /* Main.storyboard in Resources */ = {isa = PBXBuildFile; fileRef = 6C895E6519DDD74400626B47 /* Main.storyboard */; };
		6C895E6919DDD74400626B47 /* Images.xcassets in Resources */ = {isa = PBXBuildFile; fileRef = 6C895E6819DDD74400626B47 /* Images.xcassets */; };
		6C895E6C19DDD74400626B47 /* LaunchScreen.xib in Resources */ = {isa = PBXBuildFile; fileRef = 6C895E6A19DDD74400626B47 /* LaunchScreen.xib */; };
		6C895E7819DDD74400626B47 /* TicTacToeTests.m in Sources */ = {isa = PBXBuildFile; fileRef = 6C895E7719DDD74400626B47 /* TicTacToeTests.m */; };
		6C96BBAD19E2699D005C098E /* WebViewController.m in Sources */ = {isa = PBXBuildFile; fileRef = 6C96BBAC19E2699D005C098E /* WebViewController.m */; };
/* End PBXBuildFile section */

/* Begin PBXContainerItemProxy section */
		6C895E7219DDD74400626B47 /* PBXContainerItemProxy */ = {
			isa = PBXContainerItemProxy;
			containerPortal = 6C895E5019DDD74400626B47 /* Project object */;
			proxyType = 1;
			remoteGlobalIDString = 6C895E5719DDD74400626B47;
			remoteInfo = TicTacToe;
		};
/* End PBXContainerItemProxy section */

/* Begin PBXFileReference section */
		6C895E5819DDD74400626B47 /* TicTacToe.app */ = {isa = PBXFileReference; explicitFileType = wrapper.application; includeInIndex = 0; path = TicTacToe.app; sourceTree = BUILT_PRODUCTS_DIR; };
		6C895E5C19DDD74400626B47 /* Info.plist */ = {isa = PBXFileReference; lastKnownFileType = text.plist.xml; path = Info.plist; sourceTree = "<group>"; };
		6C895E5D19DDD74400626B47 /* main.m */ = {isa = PBXFileReference; lastKnownFileType = sourcecode.c.objc; path = main.m; sourceTree = "<group>"; };
		6C895E5F19DDD74400626B47 /* AppDelegate.h */ = {isa = PBXFileReference; lastKnownFileType = sourcecode.c.h; path = AppDelegate.h; sourceTree = "<group>"; };
		6C895E6019DDD74400626B47 /* AppDelegate.m */ = {isa = PBXFileReference; lastKnownFileType = sourcecode.c.objc; path = AppDelegate.m; sourceTree = "<group>"; };
		6C895E6219DDD74400626B47 /* ViewController.h */ = {isa = PBXFileReference; lastKnownFileType = sourcecode.c.h; path = ViewController.h; sourceTree = "<group>"; };
		6C895E6319DDD74400626B47 /* ViewController.m */ = {isa = PBXFileReference; lastKnownFileType = sourcecode.c.objc; path = ViewController.m; sourceTree = "<group>"; };
		6C895E6619DDD74400626B47 /* Base */ = {isa = PBXFileReference; lastKnownFileType = file.storyboard; name = Base; path = Base.lproj/Main.storyboard; sourceTree = "<group>"; };
		6C895E6819DDD74400626B47 /* Images.xcassets */ = {isa = PBXFileReference; lastKnownFileType = folder.assetcatalog; path = Images.xcassets; sourceTree = "<group>"; };
		6C895E6B19DDD74400626B47 /* Base */ = {isa = PBXFileReference; lastKnownFileType = file.xib; name = Base; path = Base.lproj/LaunchScreen.xib; sourceTree = "<group>"; };
		6C895E7119DDD74400626B47 /* TicTacToeTests.xctest */ = {isa = PBXFileReference; explicitFileType = wrapper.cfbundle; includeInIndex = 0; path = TicTacToeTests.xctest; sourceTree = BUILT_PRODUCTS_DIR; };
		6C895E7619DDD74400626B47 /* Info.plist */ = {isa = PBXFileReference; lastKnownFileType = text.plist.xml; path = Info.plist; sourceTree = "<group>"; };
		6C895E7719DDD74400626B47 /* TicTacToeTests.m */ = {isa = PBXFileReference; lastKnownFileType = sourcecode.c.objc; path = TicTacToeTests.m; sourceTree = "<group>"; };
		6C96BBAB19E2699D005C098E /* WebViewController.h */ = {isa = PBXFileReference; fileEncoding = 4; lastKnownFileType = sourcecode.c.h; path = WebViewController.h; sourceTree = "<group>"; };
		6C96BBAC19E2699D005C098E /* WebViewController.m */ = {isa = PBXFileReference; fileEncoding = 4; lastKnownFileType = sourcecode.c.objc; path = WebViewController.m; sourceTree = "<group>"; };
/* End PBXFileReference section */

/* Begin PBXFrameworksBuildPhase section */
		6C895E5519DDD74400626B47 /* Frameworks */ = {
			isa = PBXFrameworksBuildPhase;
			buildActionMask = 2147483647;
			files = (
			);
			runOnlyForDeploymentPostprocessing = 0;
		};
		6C895E6E19DDD74400626B47 /* Frameworks */ = {
			isa = PBXFrameworksBuildPhase;
			buildActionMask = 2147483647;
			files = (
			);
			runOnlyForDeploymentPostprocessing = 0;
		};
/* End PBXFrameworksBuildPhase section */

/* Begin PBXGroup section */
		6C895E4F19DDD74400626B47 = {
			isa = PBXGroup;
			children = (
				6C895E5A19DDD74400626B47 /* TicTacToe */,
				6C895E7419DDD74400626B47 /* TicTacToeTests */,
				6C895E5919DDD74400626B47 /* Products */,
			);
			sourceTree = "<group>";
		};
		6C895E5919DDD74400626B47 /* Products */ = {
			isa = PBXGroup;
			children = (
				6C895E5819DDD74400626B47 /* TicTacToe.app */,
				6C895E7119DDD74400626B47 /* TicTacToeTests.xctest */,
			);
			name = Products;
			sourceTree = "<group>";
		};
		6C895E5A19DDD74400626B47 /* TicTacToe */ = {
			isa = PBXGroup;
			children = (
				6C895E5F19DDD74400626B47 /* AppDelegate.h */,
				6C895E6019DDD74400626B47 /* AppDelegate.m */,
				6C895E6219DDD74400626B47 /* ViewController.h */,
				6C895E6319DDD74400626B47 /* ViewController.m */,
				6C96BBAB19E2699D005C098E /* WebViewController.h */,
				6C96BBAC19E2699D005C098E /* WebViewController.m */,
				6C895E6519DDD74400626B47 /* Main.storyboard */,
				6C895E6819DDD74400626B47 /* Images.xcassets */,
				6C895E6A19DDD74400626B47 /* LaunchScreen.xib */,
				6C895E5B19DDD74400626B47 /* Supporting Files */,
			);
			path = TicTacToe;
			sourceTree = "<group>";
		};
		6C895E5B19DDD74400626B47 /* Supporting Files */ = {
			isa = PBXGroup;
			children = (
				6C895E5C19DDD74400626B47 /* Info.plist */,
				6C895E5D19DDD74400626B47 /* main.m */,
			);
			name = "Supporting Files";
			sourceTree = "<group>";
		};
		6C895E7419DDD74400626B47 /* TicTacToeTests */ = {
			isa = PBXGroup;
			children = (
				6C895E7719DDD74400626B47 /* TicTacToeTests.m */,
				6C895E7519DDD74400626B47 /* Supporting Files */,
			);
			path = TicTacToeTests;
			sourceTree = "<group>";
		};
		6C895E7519DDD74400626B47 /* Supporting Files */ = {
			isa = PBXGroup;
			children = (
				6C895E7619DDD74400626B47 /* Info.plist */,
			);
			name = "Supporting Files";
			sourceTree = "<group>";
		};
/* End PBXGroup section */

/* Begin PBXNativeTarget section */
		6C895E5719DDD74400626B47 /* TicTacToe */ = {
			isa = PBXNativeTarget;
			buildConfigurationList = 6C895E7B19DDD74400626B47 /* Build configuration list for PBXNativeTarget "TicTacToe" */;
			buildPhases = (
				6C895E5419DDD74400626B47 /* Sources */,
				6C895E5519DDD74400626B47 /* Frameworks */,
				6C895E5619DDD74400626B47 /* Resources */,
			);
			buildRules = (
			);
			dependencies = (
			);
			name = TicTacToe;
			productName = TicTacToe;
			productReference = 6C895E5819DDD74400626B47 /* TicTacToe.app */;
			productType = "com.apple.product-type.application";
		};
		6C895E7019DDD74400626B47 /* TicTacToeTests */ = {
			isa = PBXNativeTarget;
			buildConfigurationList = 6C895E7E19DDD74400626B47 /* Build configuration list for PBXNativeTarget "TicTacToeTests" */;
			buildPhases = (
				6C895E6D19DDD74400626B47 /* Sources */,
				6C895E6E19DDD74400626B47 /* Frameworks */,
				6C895E6F19DDD74400626B47 /* Resources */,
			);
			buildRules = (
			);
			dependencies = (
				6C895E7319DDD74400626B47 /* PBXTargetDependency */,
			);
			name = TicTacToeTests;
			productName = TicTacToeTests;
			productReference = 6C895E7119DDD74400626B47 /* TicTacToeTests.xctest */;
			productType = "com.apple.product-type.bundle.unit-test";
		};
/* End PBXNativeTarget section */

/* Begin PBXProject section */
		6C895E5019DDD74400626B47 /* Project object */ = {
			isa = PBXProject;
			attributes = {
				LastUpgradeCheck = 0600;
				ORGANIZATIONNAME = "Amaeya Kalke";
				TargetAttributes = {
					6C895E5719DDD74400626B47 = {
						CreatedOnToolsVersion = 6.0.1;
					};
					6C895E7019DDD74400626B47 = {
						CreatedOnToolsVersion = 6.0.1;
						TestTargetID = 6C895E5719DDD74400626B47;
					};
				};
			};
			buildConfigurationList = 6C895E5319DDD74400626B47 /* Build configuration list for PBXProject "TicTacToe" */;
			compatibilityVersion = "Xcode 3.2";
			developmentRegion = English;
			hasScannedForEncodings = 0;
			knownRegions = (
				en,
				Base,
			);
			mainGroup = 6C895E4F19DDD74400626B47;
			productRefGroup = 6C895E5919DDD74400626B47 /* Products */;
			projectDirPath = "";
			projectRoot = "";
			targets = (
				6C895E5719DDD74400626B47 /* TicTacToe */,
				6C895E7019DDD74400626B47 /* TicTacToeTests */,
			);
		};
/* End PBXProject section */

/* Begin PBXResourcesBuildPhase section */
		6C895E5619DDD74400626B47 /* Resources */ = {
			isa = PBXResourcesBuildPhase;
			buildActionMask = 2147483647;
			files = (
				6C895E6719DDD74400626B47 /* Main.storyboard in Resources */,
				6C895E6C19DDD74400626B47 /* LaunchScreen.xib in Resources */,
				6C895E6919DDD74400626B47 /* Images.xcassets in Resources */,
			);
			runOnlyForDeploymentPostprocessing = 0;
		};
		6C895E6F19DDD74400626B47 /* Resources */ = {
			isa = PBXResourcesBuildPhase;
			buildActionMask = 2147483647;
			files = (
			);
			runOnlyForDeploymentPostprocessing = 0;
		};
/* End PBXResourcesBuildPhase section */

/* Begin PBXSourcesBuildPhase section */
		6C895E5419DDD74400626B47 /* Sources */ = {
			isa = PBXSourcesBuildPhase;
			buildActionMask = 2147483647;
			files = (
				6C895E6419DDD74400626B47 /* ViewController.m in Sources */,
				6C895E6119DDD74400626B47 /* AppDelegate.m in Sources */,
				6C895E5E19DDD74400626B47 /* main.m in Sources */,
				6C96BBAD19E2699D005C098E /* WebViewController.m in Sources */,
			);
			runOnlyForDeploymentPostprocessing = 0;
		};
		6C895E6D19DDD74400626B47 /* Sources */ = {
			isa = PBXSourcesBuildPhase;
			buildActionMask = 2147483647;
			files = (
				6C895E7819DDD74400626B47 /* TicTacToeTests.m in Sources */,
			);
			runOnlyForDeploymentPostprocessing = 0;
		};
/* End PBXSourcesBuildPhase section */

/* Begin PBXTargetDependency section */
		6C895E7319DDD74400626B47 /* PBXTargetDependency */ = {
			isa = PBXTargetDependency;
			target = 6C895E5719DDD74400626B47 /* TicTacToe */;
			targetProxy = 6C895E7219DDD74400626B47 /* PBXContainerItemProxy */;
		};
/* End PBXTargetDependency section */

/* Begin PBXVariantGroup section */
		6C895E6519DDD74400626B47 /* Main.storyboard */ = {
			isa = PBXVariantGroup;
			children = (
				6C895E6619DDD74400626B47 /* Base */,
			);
			name = Main.storyboard;
			sourceTree = "<group>";
		};
		6C895E6A19DDD74400626B47 /* LaunchScreen.xib */ = {
			isa = PBXVariantGroup;
			children = (
				6C895E6B19DDD74400626B47 /* Base */,
			);
			name = LaunchScreen.xib;
			sourceTree = "<group>";
		};
/* End PBXVariantGroup section */

/* Begin XCBuildConfiguration section */
		6C895E7919DDD74400626B47 /* Debug */ = {
			isa = XCBuildConfiguration;
			buildSettings = {
				ALWAYS_SEARCH_USER_PATHS = NO;
				CLANG_CXX_LANGUAGE_STANDARD = "gnu++0x";
				CLANG_CXX_LIBRARY = "libc++";
				CLANG_ENABLE_MODULES = YES;
				CLANG_ENABLE_OBJC_ARC = YES;
				CLANG_WARN_BOOL_CONVERSION = YES;
				CLANG_WARN_CONSTANT_CONVERSION = YES;
				CLANG_WARN_DIRECT_OBJC_ISA_USAGE = YES_ERROR;
				CLANG_WARN_EMPTY_BODY = YES;
				CLANG_WARN_ENUM_CONVERSION = YES;
				CLANG_WARN_INT_CONVERSION = YES;
				CLANG_WARN_OBJC_ROOT_CLASS = YES_ERROR;
				CLANG_WARN_UNREACHABLE_CODE = YES;
				CLANG_WARN__DUPLICATE_METHOD_MATCH = YES;
				"CODE_SIGN_IDENTITY[sdk=iphoneos*]" = "iPhone Developer";
				COPY_PHASE_STRIP = NO;
				ENABLE_STRICT_OBJC_MSGSEND = YES;
				GCC_C_LANGUAGE_STANDARD = gnu99;
				GCC_DYNAMIC_NO_PIC = NO;
				GCC_OPTIMIZATION_LEVEL = 0;
				GCC_PREPROCESSOR_DEFINITIONS = (
					"DEBUG=1",
					"$(inherited)",
				);
				GCC_SYMBOLS_PRIVATE_EXTERN = NO;
				GCC_WARN_64_TO_32_BIT_CONVERSION = YES;
				GCC_WARN_ABOUT_RETURN_TYPE = YES_ERROR;
				GCC_WARN_UNDECLARED_SELECTOR = YES;
				GCC_WARN_UNINITIALIZED_AUTOS = YES_AGGRESSIVE;
				GCC_WARN_UNUSED_FUNCTION = YES;
				GCC_WARN_UNUSED_VARIABLE = YES;
				IPHONEOS_DEPLOYMENT_TARGET = 8.0;
				MTL_ENABLE_DEBUG_INFO = YES;
				ONLY_ACTIVE_ARCH = YES;
				SDKROOT = iphoneos;
			};
			name = Debug;
		};
		6C895E7A19DDD74400626B47 /* Release */ = {
			isa = XCBuildConfiguration;
			buildSettings = {
				ALWAYS_SEARCH_USER_PATHS = NO;
				CLANG_CXX_LANGUAGE_STANDARD = "gnu++0x";
				CLANG_CXX_LIBRARY = "libc++";
				CLANG_ENABLE_MODULES = YES;
				CLANG_ENABLE_OBJC_ARC = YES;
				CLANG_WARN_BOOL_CONVERSION = YES;
				CLANG_WARN_CONSTANT_CONVERSION = YES;
				CLANG_WARN_DIRECT_OBJC_ISA_USAGE = YES_ERROR;
				CLANG_WARN_EMPTY_BODY = YES;
				CLANG_WARN_ENUM_CONVERSION = YES;
				CLANG_WARN_INT_CONVERSION = YES;
				CLANG_WARN_OBJC_ROOT_CLASS = YES_ERROR;
				CLANG_WARN_UNREACHABLE_CODE = YES;
				CLANG_WARN__DUPLICATE_METHOD_MATCH = YES;
				"CODE_SIGN_IDENTITY[sdk=iphoneos*]" = "iPhone Developer";
				COPY_PHASE_STRIP = YES;
				ENABLE_NS_ASSERTIONS = NO;
				ENABLE_STRICT_OBJC_MSGSEND = YES;
				GCC_C_LANGUAGE_STANDARD = gnu99;
				GCC_WARN_64_TO_32_BIT_CONVERSION = YES;
				GCC_WARN_ABOUT_RETURN_TYPE = YES_ERROR;
				GCC_WARN_UNDECLARED_SELECTOR = YES;
				GCC_WARN_UNINITIALIZED_AUTOS = YES_AGGRESSIVE;
				GCC_WARN_UNUSED_FUNCTION = YES;
				GCC_WARN_UNUSED_VARIABLE = YES;
				IPHONEOS_DEPLOYMENT_TARGET = 8.0;
				MTL_ENABLE_DEBUG_INFO = NO;
				SDKROOT = iphoneos;
				VALIDATE_PRODUCT = YES;
			};
			name = Release;
		};
		6C895E7C19DDD74400626B47 /* Debug */ = {
			isa = XCBuildConfiguration;
			buildSettings = {
				ASSETCATALOG_COMPILER_APPICON_NAME = AppIcon;
				INFOPLIST_FILE = TicTacToe/Info.plist;
				LD_RUNPATH_SEARCH_PATHS = "$(inherited) @executable_path/Frameworks";
				PRODUCT_NAME = "$(TARGET_NAME)";
			};
			name = Debug;
		};
		6C895E7D19DDD74400626B47 /* Release */ = {
			isa = XCBuildConfiguration;
			buildSettings = {
				ASSETCATALOG_COMPILER_APPICON_NAME = AppIcon;
				INFOPLIST_FILE = TicTacToe/Info.plist;
				LD_RUNPATH_SEARCH_PATHS = "$(inherited) @executable_path/Frameworks";
				PRODUCT_NAME = "$(TARGET_NAME)";
			};
			name = Release;
		};
		6C895E7F19DDD74400626B47 /* Debug */ = {
			isa = XCBuildConfiguration;
			buildSettings = {
				BUNDLE_LOADER = "$(TEST_HOST)";
				FRAMEWORK_SEARCH_PATHS = (
					"$(SDKROOT)/Developer/Library/Frameworks",
					"$(inherited)",
				);
				GCC_PREPROCESSOR_DEFINITIONS = (
					"DEBUG=1",
					"$(inherited)",
				);
				INFOPLIST_FILE = TicTacToeTests/Info.plist;
				LD_RUNPATH_SEARCH_PATHS = "$(inherited) @executable_path/Frameworks @loader_path/Frameworks";
				PRODUCT_NAME = "$(TARGET_NAME)";
				TEST_HOST = "$(BUILT_PRODUCTS_DIR)/TicTacToe.app/TicTacToe";
			};
			name = Debug;
		};
		6C895E8019DDD74400626B47 /* Release */ = {
			isa = XCBuildConfiguration;
			buildSettings = {
				BUNDLE_LOADER = "$(TEST_HOST)";
				FRAMEWORK_SEARCH_PATHS = (
					"$(SDKROOT)/Developer/Library/Frameworks",
					"$(inherited)",
				);
				INFOPLIST_FILE = TicTacToeTests/Info.plist;
				LD_RUNPATH_SEARCH_PATHS = "$(inherited) @executable_path/Frameworks @loader_path/Frameworks";
				PRODUCT_NAME = "$(TARGET_NAME)";
				TEST_HOST = "$(BUILT_PRODUCTS_DIR)/TicTacToe.app/TicTacToe";
			};
			name = Release;
		};
/* End XCBuildConfiguration section */

/* Begin XCConfigurationList section */
		6C895E5319DDD74400626B47 /* Build configuration list for PBXProject "TicTacToe" */ = {
			isa = XCConfigurationList;
			buildConfigurations = (
				6C895E7919DDD74400626B47 /* Debug */,
				6C895E7A19DDD74400626B47 /* Release */,
			);
			defaultConfigurationIsVisible = 0;
			defaultConfigurationName = Release;
		};
		6C895E7B19DDD74400626B47 /* Build configuration list for PBXNativeTarget "TicTacToe" */ = {
			isa = XCConfigurationList;
			buildConfigurations = (
				6C895E7C19DDD74400626B47 /* Debug */,
				6C895E7D19DDD74400626B47 /* Release */,
			);
			defaultConfigurationIsVisible = 0;
			defaultConfigurationName = Release;
		};
		6C895E7E19DDD74400626B47 /* Build configuration list for PBXNativeTarget "TicTacToeTests" */ = {
			isa = XCConfigurationList;
			buildConfigurations = (
				6C895E7F19DDD74400626B47 /* Debug */,
				6C895E8019DDD74400626B47 /* Release */,
			);
			defaultConfigurationIsVisible = 0;
			defaultConfigurationName = Release;
		};
/* End XCConfigurationList section */
	};
	rootObject = 6C895E5019DDD74400626B47 /* Project object */;
}
